[[package]]
category = "main"
description = "Classes Without Boilerplate"
name = "attrs"
optional = false
python-versions = ">=2.7, !=3.0.*, !=3.1.*, !=3.2.*, !=3.3.*"
version = "19.3.0"

[[package]]
category = "main"
description = "Screen-scraping library"
name = "beautifulsoup4"
optional = false
python-versions = "*"
version = "4.8.2"

[package.dependencies]
soupsieve = ">=1.2"

[[package]]
category = "main"
description = "Dummy package for Beautiful Soup"
name = "bs4"
optional = false
python-versions = "*"
version = "0.0.1"

[package.dependencies]
beautifulsoup4 = "*"

[[package]]
category = "main"
description = "Composable command line interface toolkit"
name = "click"
optional = false
python-versions = ">=2.7, !=3.0.*, !=3.1.*, !=3.2.*, !=3.3.*, !=3.4.*"
version = "7.1.1"

[[package]]
category = "main"
description = "An extension module for click to enable registering CLI commands via setuptools entry-points."
name = "click-plugins"
optional = false
python-versions = "*"
version = "1.1.1"

[package.dependencies]
click = ">=4.0"

[[package]]
category = "main"
description = "Click params for commmand line interfaces to GeoJSON"
name = "cligj"
optional = false
python-versions = "*"
version = "0.5.0"

[package.dependencies]
click = ">=4.0,<8"

[[package]]
category = "main"
description = "Composable style cycles"
name = "cycler"
optional = false
python-versions = "*"
version = "0.10.0"

[package.dependencies]
six = "*"

[[package]]
category = "main"
description = "Use geometric objects as matplotlib paths and patches"
name = "descartes"
optional = false
python-versions = "*"
version = "1.1.0"

[package.dependencies]
matplotlib = "*"

[[package]]
category = "main"
description = "Fiona reads and writes spatial data files"
name = "fiona"
optional = false
python-versions = "*"
version = "1.8.13.post1"

[package.dependencies]
attrs = ">=17"
click = ">=4.0,<8"
click-plugins = ">=1.0"
cligj = ">=0.5"
munch = "*"
six = ">=1.7"

[[package]]
category = "main"
description = "Geographic pandas extensions"
name = "geopandas"
optional = false
python-versions = ">=3.5"
version = "0.7.0"

[package.dependencies]
fiona = "*"
pandas = ">=0.23.0"
pyproj = ">=2.2.0"
shapely = "*"

[[package]]
category = "main"
description = "A fast implementation of the Cassowary constraint solver"
name = "kiwisolver"
optional = false
python-versions = ">=2.7, !=3.0.*, !=3.1.*, !=3.2.*, !=3.3.*"
version = "1.1.0"

[package.dependencies]
setuptools = "*"

[[package]]
category = "main"
description = "Python plotting package"
name = "matplotlib"
optional = false
python-versions = ">=3.6"
version = "3.2.1"

[package.dependencies]
cycler = ">=0.10"
kiwisolver = ">=1.0.1"
numpy = ">=1.11"
pyparsing = ">=2.0.1,<2.0.4 || >2.0.4,<2.1.2 || >2.1.2,<2.1.6 || >2.1.6"
python-dateutil = ">=2.1"

[[package]]
category = "main"
description = "A dot-accessible dictionary (a la JavaScript objects)"
name = "munch"
optional = false
python-versions = "*"
version = "2.5.0"

[package.dependencies]
six = "*"

[[package]]
category = "main"
description = "NumPy is the fundamental package for array computing with Python."
name = "numpy"
optional = false
python-versions = ">=3.5"
version = "1.18.2"

[[package]]
category = "main"
description = "Powerful data structures for data analysis, time series, and statistics"
name = "pandas"
optional = false
python-versions = ">=3.6.1"
version = "1.0.3"

[package.dependencies]
numpy = ">=1.13.3"
python-dateutil = ">=2.6.1"
pytz = ">=2017.2"

[[package]]
category = "main"
description = "Python parsing module"
name = "pyparsing"
optional = false
python-versions = ">=2.6, !=3.0.*, !=3.1.*, !=3.2.*"
version = "2.4.6"

[[package]]
category = "main"
description = "Python interface to PROJ (cartographic projections and coordinate transformations library)"
name = "pyproj"
optional = false
python-versions = ">=3.5"
version = "2.6.0"

[[package]]
category = "main"
description = "Extensions to the standard Python datetime module"
name = "python-dateutil"
optional = false
python-versions = "!=3.0.*,!=3.1.*,!=3.2.*,>=2.7"
version = "2.8.1"

[package.dependencies]
six = ">=1.5"

[[package]]
category = "main"
description = "World timezone definitions, modern and historical"
name = "pytz"
optional = false
python-versions = "*"
version = "2019.3"

[[package]]
category = "main"
description = "Geometric objects, predicates, and operations"
name = "shapely"
optional = false
python-versions = "*"
version = "1.7.0"

[[package]]
category = "main"
description = "Python 2 and 3 compatibility utilities"
name = "six"
optional = false
python-versions = ">=2.7, !=3.0.*, !=3.1.*, !=3.2.*"
version = "1.14.0"

[[package]]
category = "main"
description = "A modern CSS selector implementation for Beautiful Soup."
name = "soupsieve"
optional = false
python-versions = ">=3.5"
version = "2.0"

[metadata]
content-hash = "01d23a2989b105ffecdc3d493e9f38abfe00f6a66ccc182ef241fcdc16c013df"
python-versions = "^3.7"

[metadata.hashes]
attrs = ["08a96c641c3a74e44eb59afb61a24f2cb9f4d7188748e76ba4bb5edfa3cb7d1c", "f7b7ce16570fe9965acd6d30101a28f62fb4a7f9e926b3bbc9b61f8b04247e72"]
beautifulsoup4 = ["05fd825eb01c290877657a56df4c6e4c311b3965bda790c613a3d6fb01a5462a", "9fbb4d6e48ecd30bcacc5b63b94088192dcda178513b2ae3c394229f8911b887", "e1505eeed31b0f4ce2dbb3bc8eb256c04cc2b3b72af7d551a4ab6efd5cbe5dae"]
bs4 = ["36ecea1fd7cc5c0c6e4a1ff075df26d50da647b75376626cc186e2212886dd3a"]
click = ["8a18b4ea89d8820c5d0c7da8a64b2c324b4dabb695804dbfea19b9be9d88c0cc", "e345d143d80bf5ee7534056164e5e112ea5e22716bbb1ce727941f4c8b471b9a"]
click-plugins = ["46ab999744a9d831159c3411bb0c79346d94a444df9a3a3742e9ed63645f264b", "5d262006d3222f5057fd81e1623d4443e41dcda5dc815c06b442aa3c02889fc8"]
cligj = ["20f24ce9abfde3f758aec3399e6811b936b6772f360846c662c19bf5537b4f14", "60c93dda4499562eb87509a8ff3535a7441053b766c9c26bcf874a732f939c7c", "6c7d52d529a78712491974f975c33473f430c0f7beb18c0d7a402a743dcb460a"]
cycler = ["1d8a5ae1ff6c5cf9b93e8811e581232ad8920aeec647c37316ceac982b08cb2d", "cd7b2d1018258d7247a71425e9f26463dfb444d411c39569972f4ce586b0c9d8"]
descartes = ["135a502146af5ed6ff359975e2ebc5fa4b71b5432c355c2cafdc6dea1337035b", "4c62dc41109689d03e4b35de0a2bcbdeeb81047badc607c4415d5c753bd683af", "b7e412e7e6e294412f1d0f661f187babc970088c2456089e6801eebb043c2e1b"]
fiona = ["1a432bf9fd56f089256c010da009c90d4a795c531a848132c965052185336600", "1c9c6e883e82298293042f7b7f51a5680f50d5a3bb1a61ad179b2d5f7f4d6952", "3c236a8f9ddfc23ac746f4988526cbed73b43f8f86613a0001c62feb415daadc", "6d30d755e9041a3380d85c1b2e09003f657c03a749fb02a3d36b191296f57f5d", "6d6200a64f0f6fad431a767dd2da62706bf9f683be77bb157b6d0459bb263b7f", "7598ed3ce7a88941a2eab5ffa90b39f8f44113355c39abcbda6920eecdba26b4", "781d29c21714da4c1c0f118b56bef936a1a935fead8878c22ab57a0d3875e412", "79c3b80e00c9d055d20aead5d74319f54cdd1384e0d9e1a9e67446da2d74d89c", "923a64bded457adee795b4f926b8cbb87d58bbafaabded77bc1d47abb2bba5c6", "b8ad562b77c76dbff5a9298e1032c87714f079fc80752ca7c9c85edef52039aa", "c6e99bf596c2322e134833490611a612a8cce35a39c4c6499b7df919e24b482b"]
geopandas = ["19074b090ab928527193c50b383d31a259a9b84b18553562631295fa67f640bc", "dd478cfb979c7aca529a61c05f26a4606852547a0d7e22ae9babe0c70f7d73f8"]
kiwisolver = ["05b5b061e09f60f56244adc885c4a7867da25ca387376b02c1efc29cc16bcd0f", "210d8c39d01758d76c2b9a693567e1657ec661229bc32eac30761fa79b2474b0", "26f4fbd6f5e1dabff70a9ba0d2c4bd30761086454aa30dddc5b52764ee4852b7", "3b15d56a9cd40c52d7ab763ff0bc700edbb4e1a298dc43715ecccd605002cf11", "3b2378ad387f49cbb328205bda569b9f87288d6bc1bf4cd683c34523a2341efe", "400599c0fe58d21522cae0e8b22318e09d9729451b17ee61ba8e1e7c0346565c", "47b8cb81a7d18dbaf4fed6a61c3cecdb5adec7b4ac292bddb0d016d57e8507d5", "53eaed412477c836e1b9522c19858a8557d6e595077830146182225613b11a75", "58e626e1f7dfbb620d08d457325a4cdac65d1809680009f46bf41eaf74ad0187", "5a52e1b006bfa5be04fe4debbcdd2688432a9af4b207a3f429c74ad625022641", "5c7ca4e449ac9f99b3b9d4693debb1d6d237d1542dd6a56b3305fe8a9620f883", "682e54f0ce8f45981878756d7203fd01e188cc6c8b2c5e2cf03675390b4534d5", "76275ee077772c8dde04fb6c5bc24b91af1bb3e7f4816fd1852f1495a64dad93", "79bfb2f0bd7cbf9ea256612c9523367e5ec51d7cd616ae20ca2c90f575d839a2", "7f4dd50874177d2bb060d74769210f3bce1af87a8c7cf5b37d032ebf94f0aca3", "8944a16020c07b682df861207b7e0efcd2f46c7488619cb55f65882279119389", "8aa7009437640beb2768bfd06da049bad0df85f47ff18426261acecd1cf00897", "9105ce82dcc32c73eb53a04c869b6a4bc756b43e4385f76ea7943e827f529e4d", "933df612c453928f1c6faa9236161a1d999a26cd40abf1dc5d7ebbc6dbfb8fca", "939f36f21a8c571686eb491acfffa9c7f1ac345087281b412d63ea39ca14ec4a", "9491578147849b93e70d7c1d23cb1229458f71fc79c51d52dce0809b2ca44eea", "9733b7f64bd9f807832d673355f79703f81f0b3e52bfce420fc00d8cb28c6a6c", "a02f6c3e229d0b7220bd74600e9351e18bc0c361b05f29adae0d10599ae0e326", "a0c0a9f06872330d0dd31b45607197caab3c22777600e88031bfe66799e70bb0", "aa716b9122307c50686356cfb47bfbc66541868078d0c801341df31dca1232a9", "acc4df99308111585121db217681f1ce0eecb48d3a828a2f9bbf9773f4937e9e", "b64916959e4ae0ac78af7c3e8cef4becee0c0e9694ad477b4c6b3a536de6a544", "d22702cadb86b6fcba0e6b907d9f84a312db9cd6934ee728144ce3018e715ee1", "d3fcf0819dc3fea58be1fd1ca390851bdb719a549850e708ed858503ff25d995", "d52e3b1868a4e8fd18b5cb15055c76820df514e26aa84cc02f593d99fef6707f", "db1a5d3cc4ae943d674718d6c47d2d82488ddd94b93b9e12d24aabdbfe48caee", "e3a21a720791712ed721c7b95d433e036134de6f18c77dbe96119eaf7aa08004", "e8bf074363ce2babeb4764d94f8e65efd22e6a7c74860a4f05a6947afc020ff2", "f16814a4a96dc04bf1da7d53ee8d5b1d6decfc1a92a63349bb15d37b6a263dd9", "f2b22153870ca5cf2ab9c940d7bc38e8e9089fa0f7e5856ea195e1cf4ff43d5a", "f790f8b3dff3d53453de6a7b7ddd173d2e020fb160baff578d578065b108a05f", "fe51b79da0062f8e9d49ed0182a626a7dc7a0cbca0328f612c6ee5e4711c81e4"]
matplotlib = ["2466d4dddeb0f5666fd1e6736cc5287a4f9f7ae6c1a9e0779deff798b28e1d35", "282b3fc8023c4365bad924d1bb442ddc565c2d1635f210b700722776da466ca3", "4bb50ee4755271a2017b070984bcb788d483a8ce3132fab68393d1555b62d4ba", "56d3147714da5c7ac4bc452d041e70e0e0b07c763f604110bd4e2527f320b86d", "7a9baefad265907c6f0b037c8c35a10cf437f7708c27415a5513cf09ac6d6ddd", "aae7d107dc37b4bb72dcc45f70394e6df2e5e92ac4079761aacd0e2ad1d3b1f7", "af14e77829c5b5d5be11858d042d6f2459878f8e296228c7ea13ec1fd308eb68", "c1cf735970b7cd424502719b44288b21089863aaaab099f55e0283a721aaf781", "ce378047902b7a05546b6485b14df77b2ff207a0054e60c10b5680132090c8ee", "d35891a86a4388b6965c2d527b9a9f9e657d9e110b0575ca8a24ba0d4e34b8fc", "e06304686209331f99640642dee08781a9d55c6e32abb45ed54f021f46ccae47", "e20ba7fb37d4647ac38f3c6d8672dd8b62451ee16173a0711b37ba0ce42bf37d", "f4412241e32d0f8d3713b68d3ca6430190a5e8a7c070f1c07d7833d8c5264398", "ffe2f9cdcea1086fc414e82f42271ecf1976700b8edd16ca9d376189c6d93aee"]
munch = ["2d735f6f24d4dba3417fa448cae40c6e896ec1fdab6cdb5e6510999758a4dbd2", "6f44af89a2ce4ed04ff8de41f70b226b984db10a91dcc7b9ac2efc1c77022fdd"]
numpy = ["1598a6de323508cfeed6b7cd6c4efb43324f4692e20d1f76e1feec7f59013448", "1b0ece94018ae21163d1f651b527156e1f03943b986188dd81bc7e066eae9d1c", "2e40be731ad618cb4974d5ba60d373cdf4f1b8dcbf1dcf4d9dff5e212baf69c5", "4ba59db1fcc27ea31368af524dcf874d9277f21fd2e1f7f1e2e0c75ee61419ed", "59ca9c6592da581a03d42cc4e270732552243dc45e87248aa8d636d53812f6a5", "5e0feb76849ca3e83dd396254e47c7dba65b3fa9ed3df67c2556293ae3e16de3", "6d205249a0293e62bbb3898c4c2e1ff8a22f98375a34775a259a0523111a8f6c", "6fcc5a3990e269f86d388f165a089259893851437b904f422d301cdce4ff25c8", "82847f2765835c8e5308f136bc34018d09b49037ec23ecc42b246424c767056b", "87902e5c03355335fc5992a74ba0247a70d937f326d852fc613b7f53516c0963", "9ab21d1cb156a620d3999dd92f7d1c86824c622873841d6b080ca5495fa10fef", "a1baa1dc8ecd88fb2d2a651671a84b9938461e8a8eed13e2f0a812a94084d1fa", "a244f7af80dacf21054386539699ce29bcc64796ed9850c99a34b41305630286", "a35af656a7ba1d3decdd4fae5322b87277de8ac98b7d9da657d9e212ece76a61", "b1fe1a6f3a6f355f6c29789b5927f8bd4f134a4bd9a781099a7c4f66af8850f5", "b5ad0adb51b2dee7d0ee75a69e9871e2ddfb061c73ea8bc439376298141f77f5", "ba3c7a2814ec8a176bb71f91478293d633c08582119e713a0c5351c0f77698da", "cd77d58fb2acf57c1d1ee2835567cd70e6f1835e32090538f17f8a3a99e5e34b", "cdb3a70285e8220875e4d2bc394e49b4988bdb1298ffa4e0bd81b2f613be397c", "deb529c40c3f1e38d53d5ae6cd077c21f1d49e13afc7936f7f868455e16b64a0", "e7894793e6e8540dbeac77c87b489e331947813511108ae097f1715c018b8f3d"]
pandas = ["07c1b58936b80eafdfe694ce964ac21567b80a48d972879a359b3ebb2ea76835", "0ebe327fb088df4d06145227a4aa0998e4f80a9e6aed4b61c1f303bdfdf7c722", "11c7cb654cd3a0e9c54d81761b5920cdc86b373510d829461d8f2ed6d5905266", "12f492dd840e9db1688126216706aa2d1fcd3f4df68a195f9479272d50054645", "167a1315367cea6ec6a5e11e791d9604f8e03f95b57ad227409de35cf850c9c5", "1a7c56f1df8d5ad8571fa251b864231f26b47b59cbe41aa5c0983d17dbb7a8e4", "1fa4bae1a6784aa550a1c9e168422798104a85bf9c77a1063ea77ee6f8452e3a", "32f42e322fb903d0e189a4c10b75ba70d90958cc4f66a1781ed027f1a1d14586", "387dc7b3c0424327fe3218f81e05fc27832772a5dffbed385013161be58df90b", "6597df07ea361231e60c00692d8a8099b519ed741c04e65821e632bc9ccb924c", "743bba36e99d4440403beb45a6f4f3a667c090c00394c176092b0b910666189b", "858a0d890d957ae62338624e4aeaf1de436dba2c2c0772570a686eaca8b4fc85", "863c3e4b7ae550749a0bb77fa22e601a36df9d2905afef34a6965bed092ba9e5", "a210c91a02ec5ff05617a298ad6f137b9f6f5771bf31f2d6b6367d7f71486639", "ca84a44cf727f211752e91eab2d1c6c1ab0f0540d5636a8382a3af428542826e", "d234bcf669e8b4d6cbcd99e3ce7a8918414520aeb113e2a81aeb02d0a533d7f7"]
pyparsing = ["4c830582a84fb022400b85429791bc551f1f4871c33f23e44f353119e92f969f", "c342dccb5250c08d45fd6f8b4a559613ca603b57498511740e65cd11a2e7dcec"]
pyproj = ["0d8196a5ac75fee2cf71c21066b3344427abfa8ad69b536d3404d5c7c9c0b886", "12e378a0a21c73f96177f6cf64520f17e6b7aa02fc9cb27bd5c2d5b06ce170af", "17738836128704d8f80b771572d77b8733841f0cb0ca42620549236ea62c4663", "1a39175944710b225fd1943cb3b8ea0c8e059d3016360022ca10bbb7a6bfc9ae", "2566bffb5395c9fbdb02077a0bc3e3ed0b2e4e3cadf65019e3139a8dfe27dd1d", "3f43277f21ddaabed93b9885a4e494b785dca56e31fd37a935519d99b07807f0", "424304beca6e0b0bc12aa46fc6d14a481ea47b1a4edec4854bb281656de38948", "48128d794c8f52fcff2433a481e3aa2ccb0e0b3ccd51d3ad7cc10cc488c3f547", "4a16b650722982cddedd45dfc36435b96e0ba83a2aebd4a4c247e5a68c852442", "5161f1b5ece8a5263b64d97a32fbc473a4c6fdca5c95478e58e519ef1e97528e", "6839ce14635ebfb01c67e456148f4f1fa04b03ef9645551b89d36593f2a3e57d", "80e9f85ab81da75289308f23a62e1426a38411a07b0da738958d65ae8cc6c59c", "881b44e94c781d02ecf1d9314fc7f44c09e6d54a8eac281869365999ac4db7a1", "977542d2f8cf2981cf3ad72cedfebcd6ac56977c7aa830d9b49fa7888b56e83d", "9bba6cbff7e23bb6d9062786d516602681b4414e9e423c138a7360e4d2a193e8", "9bf64bba03ddc534ed3c6271ba8f9d31040f40cf8e9e7e458b6b1524a6f59082", "9c712ceaa01488ebe6e357e1dfa2434c2304aad8a810e5d4c3d2abe21def6d58", "b7da17e5a5c6039f85843e88c2f1ca8606d1a4cc13a87e7b68b9f51a54ef201a", "bcdf81b3f13d2cc0354a4c3f7a567b71fcf6fe8098e519aaaee8e61f05c9de10", "bebd3f987b7196e9d2ccfe55911b0c76ba9ce309bcabfb629ef205cbaaad37c5", "c244e923073cd0bab74ba861ba31724aab90efda35b47a9676603c1a8e80b3ba", "dacb94a9d570f4d9fc9369a22d44d7b3071cfe4d57d0ff2f57abd7ef6127fe41"]
python-dateutil = ["73ebfe9dbf22e832286dafa60473e4cd239f8592f699aa5adaf10050e6e1823c", "75bb3f31ea686f1197762692a9ee6a7550b59fc6ca3a1f4b5d7e32fb98e2da2a"]
pytz = ["1c557d7d0e871de1f5ccd5833f60fb2550652da6be2693c1e02300743d21500d", "b02c06db6cf09c12dd25137e563b31700d3b80fcc4ad23abb7a315f2789819be"]
shapely = ["11090bd5b5f11d54e1924a11198226971dab6f392c2e5a3c74514857f764b971", "1af407c58e7898a511ad01dc6e7c2099493071d939340553686b27513db6478e", "2154b9f25c5f13785cb05ce80b2c86e542bc69671193743f29c9f4c791c35db3", "234c5424d61d8b263d6d20045f5f32437819627ca57c1ea0c08368013b49824b", "29be7767a32df19e2186288cee63e539b386a35139524dc22eeceb244d0b092b", "2a2d37105c1d6d936f829de6c1c4ec8d43484d7b8bae8493bdd4267140dce650", "3793b09cbd86fe297193b365cbaf58b2f7d1ddeb273213185b2ddbab360e54ae", "4acbd566544c33bbc58c7dd264638ff3b91a57d9b162693c37520ea60d13668d", "50f96eb9993b6d841aac0addb84ea5f9da81c3fa97e1ec67c11964c8bb4fa0a5", "640e8a82b5f69ccd14e7520dd66d1247cf362096586e663ef9b8098cc0cb272b", "7554b1acd64a34d78189ab2f691bac967e0d9b38a4f345044552f9dcf3f92149", "7e9b01e89712fd988f931721fa36298e06a02eedf87fe7a7fd704d08f74c00f1", "9c62a9f7adceaa3110f2ec359c70dddd1640191609e91029e4d307e63fc8a5af", "a6c07b3b87455d107b0e4097889e9aba80a0812abf32a322a133af819b85d68a", "ae9a2da2b30c0b42029337854f78c71c28d285d254efd5f3be3700d997bfd18e", "b845a97f8366cc4aca197c3b04304cc301d9250518123155732da6a0e0575b49", "cc0fb1851b59473d2fa2f257f1e35740875af3f402c4575b4115028234e6f2eb", "e21a9fe1a416463ff11ae037766fe410526c95700b9e545372475d2361cc951e", "f7eb83fb36755edcbeb76fb367104efdf980307536c38ef610cb2e1a321defe0"]
six = ["236bdbdce46e6e6a3d61a337c0f8b763ca1e8717c03b369e87a7ec7ce1319c0a", "8f3cd2e254d8f793e7f3d6d9df77b92252b52637291d0f0da013c76ea2724b6c"]
soupsieve = ["e914534802d7ffd233242b785229d5ba0766a7f487385e3f714446a07bf540ae", "fcd71e08c0aee99aca1b73f45478549ee7e7fc006d51b37bec9e9def7dc22b69"]
